
Microsoft Visual Studio Solution File, Format Version 12.00
# Visual Studio Version 16
VisualStudioVersion = 16.0.29709.97
MinimumVisualStudioVersion = 10.0.40219.1
Project("{9A19103F-16F7-4668-BE54-9A1E7A4F7556}") = "SprinklerApi", "SprinklerApi\SprinklerApi.csproj", "{F8319CFA-3DF7-46D8-A1DA-16732E19F01E}"
EndProject
Project("{2150E333-8FDC-42A3-9474-1A3956D46DE8}") = "Deployable", "Deployable", "{9854586E-323C-47EF-B75C-E71255B17F1B}"
EndProject
Global
	GlobalSection(SolutionConfigurationPlatforms) = preSolution
		Debug|Any CPU = Debug|Any CPU
		Release|Any CPU = Release|Any CPU
	EndGlobalSection
	GlobalSection(ProjectConfigurationPlatforms) = postSolution
		{F8319CFA-3DF7-46D8-A1DA-16732E19F01E}.Debug|Any CPU.ActiveCfg = Debug|Any CPU
		{F8319CFA-3DF7-46D8-A1DA-16732E19F01E}.Debug|Any CPU.Build.0 = Debug|Any CPU
		{F8319CFA-3DF7-46D8-A1DA-16732E19F01E}.Release|Any CPU.ActiveCfg = Release|Any CPU
		{F8319CFA-3DF7-46D8-A1DA-16732E19F01E}.Release|Any CPU.Build.0 = Release|Any CPU
	EndGlobalSection
	GlobalSection(SolutionProperties) = preSolution
		HideSolutionNode = FALSE
	EndGlobalSection
	GlobalSection(NestedProjects) = preSolution
		{F8319CFA-3DF7-46D8-A1DA-16732E19F01E} = {9854586E-323C-47EF-B75C-E71255B17F1B}
	EndGlobalSection
	GlobalSection(ExtensibilityGlobals) = postSolution
		SolutionGuid = {A2F15C72-338D-4829-A3FC-1C49E564E877}
	EndGlobalSection
EndGlobal
